
Microsoft Visual Studio Solution File, Format Version 12.00
# Visual Studio Version 17
VisualStudioVersion = 17.10.34928.147
MinimumVisualStudioVersion = 10.0.40219.1
Project("{9A19103F-16F7-4668-BE54-9A1E7A4F7556}") = "PwdMngrWasm", "PwdMngrWasm.csproj", "{AF332F42-E16D-4804-B0C1-E4DFE9CDA374}"
EndProject
Global
	GlobalSection(SolutionConfigurationPlatforms) = preSolution
		Debug|Any CPU = Debug|Any CPU
		Release|Any CPU = Release|Any CPU
	EndGlobalSection
	GlobalSection(ProjectConfigurationPlatforms) = postSolution
		{AF332F42-E16D-4804-B0C1-E4DFE9CDA374}.Debug|Any CPU.ActiveCfg = Debug|Any CPU
		{AF332F42-E16D-4804-B0C1-E4DFE9CDA374}.Debug|Any CPU.Build.0 = Debug|Any CPU
		{AF332F42-E16D-4804-B0C1-E4DFE9CDA374}.Release|Any CPU.ActiveCfg = Release|Any CPU
		{AF332F42-E16D-4804-B0C1-E4DFE9CDA374}.Release|Any CPU.Build.0 = Release|Any CPU
	EndGlobalSection
	GlobalSection(SolutionProperties) = preSolution
		HideSolutionNode = FALSE
	EndGlobalSection
	GlobalSection(ExtensibilityGlobals) = postSolution
		SolutionGuid = {647E9AA3-8018-4BE0-AD02-7E55C5F28240}
	EndGlobalSection
EndGlobal
